<?xml version="1.0" encoding="UTF-8" standalone="yes" ?>
<CodeBlocks_project_file>
	<FileVersion major="1" minor="6" />
	<Project>
		<Option title="MiniOSC" />
		<Option pch_mode="2" />
		<Option compiler="gcc" />
		<Build>
			<Target title="Debug">
				<Option output="bin/Debug/MiniOSC" prefix_auto="1" extension_auto="1" />
				<Option object_output="obj/Debug/" />
				<Option type="0" />
				<Option compiler="gcc" />
				<Compiler>
					<Add option="-g" />
				</Compiler>
			</Target>
			<Target title="Release">
				<Option output="bin/Release/MiniOSC" prefix_auto="1" extension_auto="1" />
				<Option object_output="obj/Release/" />
				<Option type="0" />
				<Option compiler="gcc" />
				<Compiler>
					<Add option="-O2" />
				</Compiler>
				<Linker>
					<Add option="-s" />
				</Linker>
			</Target>
		</Build>
		<Compiler>
			<Add option="-Wall" />
			<Add option="`sdl-config --cflags`" />
		</Compiler>
		<Linker>
			<Add option="`sdl-config --libs`" />
			<Add option="-lrtaudio" />
			<Add option="-lm" />
			<Add option="-lSDL_image" />
			<Add option="-lSDL_ttf" />
			<Add option="-lfftw3" />
			<Add directory="/usr/lib/i386-linux-gnu/" />
			<Add directory="/usr/lib/" />
			<Add directory="/usr/local/lib/" />
		</Linker>
		<Unit filename="config.cpp" />
		<Unit filename="headers/config.h" />
		<Unit filename="console.cpp" />
		<Unit filename="headers/console.h" />
		<Unit filename="headers/cursors.h" />
		<Unit filename="display.cpp" />
		<Unit filename="headers/display.h" />
		<Unit filename="graphics.cpp" />
		<Unit filename="headers/graphics.h" />
		<Unit filename="gui.cpp" />
		<Unit filename="headers/gui.h" />
		<Unit filename="headers/gui_coords.h" />
		<Unit filename="info.cpp" />
		<Unit filename="headers/info.h" />
		<Unit filename="libconsole/CON_console.c">
			<Option compilerVar="CC" />
		</Unit>
		<Unit filename="libconsole/CON_console.h" />
		<Unit filename="libconsole/CON_consolecommands.c">
			<Option compilerVar="CC" />
		</Unit>
		<Unit filename="libconsole/DT_drawtext.c">
			<Option compilerVar="CC" />
		</Unit>
		<Unit filename="libconsole/DT_drawtext.h" />
		<Unit filename="libconsole/internal.c">
			<Option compilerVar="CC" />
		</Unit>
		<Unit filename="libconsole/internal.h" />
		<Unit filename="main.cpp" />
		<Unit filename="sig_buffer.cpp" />
		<Unit filename="headers/sig_buffer.h" />
		<Unit filename="signal.cpp" />
		<Unit filename="headers/signal.h" />
		<Unit filename="spectrum.cpp" />
		<Unit filename="headers/spectrum.h" />
		<Unit filename="trigger.cpp" />
		<Unit filename="headers/trigger.h" />
		<Unit filename="uistate.cpp" />
		<Unit filename="headers/uistate.h" />
		<Extensions>
			<envvars />
			<code_completion />
			<debugger />
			<lib_finder disable_auto="1" />
		</Extensions>
	</Project>
</CodeBlocks_project_file>
